// !$*UTF8*$!
{
	archiveVersion = 1;
	classes = {
	};
	objectVersion = 56;
	objects = {

/* Begin PBXBuildFile section */
		B3E2A1001234567890ABCDEF /* iOSApp.swift in Sources */ = {isa = PBXBuildFile; fileRef = B3E2A1011234567890ABCDEF /* iOSApp.swift */; };
		B3E2A1021234567890ABCDEF /* ContentView.swift in Sources */ = {isa = PBXBuildFile; fileRef = B3E2A1031234567890ABCDEF /* ContentView.swift */; };
		B3E2A1041234567890ABCDEF /* Shared.framework in Frameworks */ = {isa = PBXBuildFile; fileRef = B3E2A1051234567890ABCDEF /* Shared.framework */; settings = {ATTRIBUTES = (CodeSignOnCopy, RemoveHeadersOnCopy, ); }; };
		B3E2A1061234567890ABCDEF /* Shared.framework in Embed Frameworks */ = {isa = PBXBuildFile; fileRef = B3E2A1051234567890ABCDEF /* Shared.framework */; settings = {ATTRIBUTES = (CodeSignOnCopy, RemoveHeadersOnCopy, ); }; };
		B3E2A1171234567890ABCDEF /* AuthViewModel.swift in Sources */ = {isa = PBXBuildFile; fileRef = B3E2A1181234567890ABCDEF /* AuthViewModel.swift */; };
		B3E2A1191234567890ABCDEF /* LoginView.swift in Sources */ = {isa = PBXBuildFile; fileRef = B3E2A11A1234567890ABCDEF /* LoginView.swift */; };
		B3E2A11B1234567890ABCDEF /* AuthBridge.swift in Sources */ = {isa = PBXBuildFile; fileRef = B3E2A11C1234567890ABCDEF /* AuthBridge.swift */; };
		B3E2A11F1234567890ABCDEF /* PocketFlowActivityAttributes.swift in Sources */ = {isa = PBXBuildFile; fileRef = B3E2A1201234567890ABCDEF /* PocketFlowActivityAttributes.swift */; };
		B3E2A1211234567890ABCDEF /* LiveActivityManager.swift in Sources */ = {isa = PBXBuildFile; fileRef = B3E2A1221234567890ABCDEF /* LiveActivityManager.swift */; };
		B3E2A1251234567890ABCDEF /* PocketFlowActivityAttributes.swift in Sources */ = {isa = PBXBuildFile; fileRef = B3E2A1201234567890ABCDEF /* PocketFlowActivityAttributes.swift */; };
		B3E2A1261234567890ABCDEF /* PocketFlowLiveActivityWidget.swift in Sources */ = {isa = PBXBuildFile; fileRef = B3E2A1241234567890ABCDEF /* PocketFlowLiveActivityWidget.swift */; };
		B3E2A1281234567890ABCDEF /* PocketFlowWidgets.appex in Embed App Extensions */ = {isa = PBXBuildFile; fileRef = B3E2A1271234567890ABCDEF /* PocketFlowWidgets.appex */; settings = {ATTRIBUTES = (RemoveHeadersOnCopy, ); }; };
/* End PBXBuildFile section */

/* Begin PBXContainerItemProxy section */
		B3E2A12A1234567890ABCDEF /* PBXContainerItemProxy */ = {
			isa = PBXContainerItemProxy;
			containerPortal = B3E2A1111234567890ABCDEF /* Project object */;
			proxyType = 1;
			remoteGlobalIDString = B3E2A12C1234567890ABCDEF;
			remoteInfo = PocketFlowWidgets;
		};
/* End PBXContainerItemProxy section */

/* Begin PBXCopyFilesBuildPhase section */
		B3E2A1071234567890ABCDEF /* Embed Frameworks */ = {
			isa = PBXCopyFilesBuildPhase;
			buildActionMask = 2147483647;
			dstPath = "";
			dstSubfolderSpec = 10;
			files = (
				B3E2A1061234567890ABCDEF /* Shared.framework in Embed Frameworks */,
			);
			name = "Embed Frameworks";
			runOnlyForDeploymentPostprocessing = 0;
		};
		B3E2A1291234567890ABCDEF /* Embed App Extensions */ = {
			isa = PBXCopyFilesBuildPhase;
			buildActionMask = 2147483647;
			dstPath = "";
			dstSubfolderSpec = 13;
			files = (
				B3E2A1281234567890ABCDEF /* PocketFlowWidgets.appex in Embed App Extensions */,
			);
			name = "Embed App Extensions";
			runOnlyForDeploymentPostprocessing = 0;
		};
/* End PBXCopyFilesBuildPhase section */

/* Begin PBXFileReference section */
		B3E2A1011234567890ABCDEF /* iOSApp.swift */ = {isa = PBXFileReference; lastKnownFileType = sourcecode.swift; path = iOSApp.swift; sourceTree = "<group>"; };
		B3E2A1031234567890ABCDEF /* ContentView.swift */ = {isa = PBXFileReference; lastKnownFileType = sourcecode.swift; path = ContentView.swift; sourceTree = "<group>"; };
		B3E2A1051234567890ABCDEF /* Shared.framework */ = {isa = PBXFileReference; lastKnownFileType = wrapper.framework; name = Shared.framework; path = "../shared/build/xcode-frameworks/$(CONFIGURATION)/$(SDK_NAME)/Shared.framework"; sourceTree = "<group>"; };
		B3E2A1081234567890ABCDEF /* iosApp.app */ = {isa = PBXFileReference; explicitFileType = wrapper.application; includeInIndex = 0; path = iosApp.app; sourceTree = BUILT_PRODUCTS_DIR; };
		B3E2A1181234567890ABCDEF /* AuthViewModel.swift */ = {isa = PBXFileReference; lastKnownFileType = sourcecode.swift; path = AuthViewModel.swift; sourceTree = "<group>"; };
		B3E2A11A1234567890ABCDEF /* LoginView.swift */ = {isa = PBXFileReference; lastKnownFileType = sourcecode.swift; path = LoginView.swift; sourceTree = "<group>"; };
		B3E2A11C1234567890ABCDEF /* AuthBridge.swift */ = {isa = PBXFileReference; lastKnownFileType = sourcecode.swift; path = AuthBridge.swift; sourceTree = "<group>"; };
		B3E2A1201234567890ABCDEF /* PocketFlowActivityAttributes.swift */ = {isa = PBXFileReference; lastKnownFileType = sourcecode.swift; path = PocketFlowActivityAttributes.swift; sourceTree = "<group>"; };
		B3E2A1221234567890ABCDEF /* LiveActivityManager.swift */ = {isa = PBXFileReference; lastKnownFileType = sourcecode.swift; path = LiveActivityManager.swift; sourceTree = "<group>"; };
		B3E2A1241234567890ABCDEF /* PocketFlowLiveActivityWidget.swift */ = {isa = PBXFileReference; lastKnownFileType = sourcecode.swift; path = PocketFlowLiveActivityWidget.swift; sourceTree = "<group>"; };
		B3E2A1271234567890ABCDEF /* PocketFlowWidgets.appex */ = {isa = PBXFileReference; explicitFileType = "wrapper.app-extension"; includeInIndex = 0; path = PocketFlowWidgets.appex; sourceTree = BUILT_PRODUCTS_DIR; };
/* End PBXFileReference section */

/* Begin PBXFrameworksBuildPhase section */
		B3E2A1091234567890ABCDEF /* Frameworks */ = {
			isa = PBXFrameworksBuildPhase;
			buildActionMask = 2147483647;
			files = (
				B3E2A1041234567890ABCDEF /* Shared.framework in Frameworks */,
			);
			runOnlyForDeploymentPostprocessing = 0;
		};
		B3E2A12E1234567890ABCDEF /* Frameworks */ = {
			isa = PBXFrameworksBuildPhase;
			buildActionMask = 2147483647;
			files = (
			);
			runOnlyForDeploymentPostprocessing = 0;
		};
/* End PBXFrameworksBuildPhase section */

/* Begin PBXGroup section */
		B3E2A10A1234567890ABCDEF = {
			isa = PBXGroup;
			children = (
				B3E2A10B1234567890ABCDEF /* iosApp */,
				B3E2A10C1234567890ABCDEF /* Frameworks */,
				B3E2A10D1234567890ABCDEF /* Products */,
			);
			sourceTree = "<group>";
		};
		B3E2A10B1234567890ABCDEF /* iosApp */ = {
			isa = PBXGroup;
			children = (
				B3E2A1011234567890ABCDEF /* iOSApp.swift */,
				B3E2A1031234567890ABCDEF /* ContentView.swift */,
				B3E2A1181234567890ABCDEF /* AuthViewModel.swift */,
				B3E2A11A1234567890ABCDEF /* LoginView.swift */,
				B3E2A11C1234567890ABCDEF /* AuthBridge.swift */,
				B3E2A1201234567890ABCDEF /* PocketFlowActivityAttributes.swift */,
				B3E2A1221234567890ABCDEF /* LiveActivityManager.swift */,
				B3E2A1241234567890ABCDEF /* PocketFlowLiveActivityWidget.swift */,
			);
			path = iosApp;
			sourceTree = "<group>";
		};
		B3E2A10C1234567890ABCDEF /* Frameworks */ = {
			isa = PBXGroup;
			children = (
				B3E2A1051234567890ABCDEF /* Shared.framework */,
			);
			name = Frameworks;
			sourceTree = "<group>";
		};
		B3E2A10D1234567890ABCDEF /* Products */ = {
			isa = PBXGroup;
			children = (
				B3E2A1081234567890ABCDEF /* iosApp.app */,
				B3E2A1271234567890ABCDEF /* PocketFlowWidgets.appex */,
			);
			name = Products;
			sourceTree = "<group>";
		};
/* End PBXGroup section */

/* Begin PBXNativeTarget section */
		B3E2A10E1234567890ABCDEF /* iosApp */ = {
			isa = PBXNativeTarget;
			buildConfigurationList = B3E2A10F1234567890ABCDEF /* Build configuration list for PBXNativeTarget "iosApp" */;
			buildPhases = (
				B3E2A11D1234567890ABCDEF /* Compile Kotlin Framework */,
				B3E2A1101234567890ABCDEF /* Sources */,
				B3E2A1091234567890ABCDEF /* Frameworks */,
				B3E2A1071234567890ABCDEF /* Embed Frameworks */,
				B3E2A1291234567890ABCDEF /* Embed App Extensions */,
			);
			buildRules = (
			);
			dependencies = (
				B3E2A12B1234567890ABCDEF /* PBXTargetDependency */,
			);
			name = iosApp;
			productName = iosApp;
			productReference = B3E2A1081234567890ABCDEF /* iosApp.app */;
			productType = "com.apple.product-type.application";
		};
		B3E2A12C1234567890ABCDEF /* PocketFlowWidgets */ = {
			isa = PBXNativeTarget;
			buildConfigurationList = B3E2A12F1234567890ABCDEF /* Build configuration list for PBXNativeTarget "PocketFlowWidgets" */;
			buildPhases = (
				B3E2A12D1234567890ABCDEF /* Sources */,
				B3E2A12E1234567890ABCDEF /* Frameworks */,
			);
			buildRules = (
			);
			dependencies = (
			);
			name = PocketFlowWidgets;
			productName = PocketFlowWidgets;
			productReference = B3E2A1271234567890ABCDEF /* PocketFlowWidgets.appex */;
			productType = "com.apple.product-type.app-extension";
		};
/* End PBXNativeTarget section */

/* Begin PBXProject section */
		B3E2A1111234567890ABCDEF /* Project object */ = {
			isa = PBXProject;
			attributes = {
				BuildIndependentTargetsInParallel = 1;
				LastSwiftUpdateCheck = 1500;
				LastUpgradeCheck = 1500;
				TargetAttributes = {
					B3E2A10E1234567890ABCDEF = {
						CreatedOnToolsVersion = 15.0;
					};
					B3E2A12C1234567890ABCDEF = {
						CreatedOnToolsVersion = 15.0;
					};
				};
			};
			buildConfigurationList = B3E2A1121234567890ABCDEF /* Build configuration list for PBXProject "iosApp" */;
			compatibilityVersion = "Xcode 14.0";
			developmentRegion = en;
			hasScannedForEncodings = 0;
			knownRegions = (
				en,
				Base,
			);
			mainGroup = B3E2A10A1234567890ABCDEF;
			productRefGroup = B3E2A10D1234567890ABCDEF /* Products */;
			projectDirPath = "";
			projectRoot = "";
			targets = (
				B3E2A10E1234567890ABCDEF /* iosApp */,
				B3E2A12C1234567890ABCDEF /* PocketFlowWidgets */,
			);
		};
/* End PBXProject section */

/* Begin PBXShellScriptBuildPhase section */
		B3E2A11D1234567890ABCDEF /* Compile Kotlin Framework */ = {
			isa = PBXShellScriptBuildPhase;
			alwaysOutOfDate = 1;
			buildActionMask = 2147483647;
			files = (
			);
			inputFileListPaths = (
			);
			inputPaths = (
			);
			name = "Compile Kotlin Framework";
			outputFileListPaths = (
			);
			outputPaths = (
			);
			runOnlyForDeploymentPostprocessing = 0;
			shellPath = /bin/sh;
			shellScript = "if [ \"YES\" = \"$OVERRIDE_KOTLIN_BUILD_IDE_SUPPORTED\" ]; then\n  echo \"Skipping Gradle build task invocation due to OVERRIDE_KOTLIN_BUILD_IDE_SUPPORTED environment variable set to \\\"YES\\\"\"\n  exit 0\nfi\ncd \"$SRCROOT/..\"\n./gradlew :shared:embedAndSignAppleFrameworkForXcode";
		};
/* End PBXShellScriptBuildPhase section */

/* Begin PBXSourcesBuildPhase section */
		B3E2A1101234567890ABCDEF /* Sources */ = {
			isa = PBXSourcesBuildPhase;
			buildActionMask = 2147483647;
			files = (
				B3E2A1001234567890ABCDEF /* iOSApp.swift in Sources */,
				B3E2A1021234567890ABCDEF /* ContentView.swift in Sources */,
				B3E2A1171234567890ABCDEF /* AuthViewModel.swift in Sources */,
				B3E2A1191234567890ABCDEF /* LoginView.swift in Sources */,
				B3E2A11B1234567890ABCDEF /* AuthBridge.swift in Sources */,
				B3E2A11F1234567890ABCDEF /* PocketFlowActivityAttributes.swift in Sources */,
				B3E2A1211234567890ABCDEF /* LiveActivityManager.swift in Sources */,
			);
			runOnlyForDeploymentPostprocessing = 0;
		};
		B3E2A12D1234567890ABCDEF /* Sources */ = {
			isa = PBXSourcesBuildPhase;
			buildActionMask = 2147483647;
			files = (
				B3E2A1251234567890ABCDEF /* PocketFlowActivityAttributes.swift in Sources */,
				B3E2A1261234567890ABCDEF /* PocketFlowLiveActivityWidget.swift in Sources */,
			);
			runOnlyForDeploymentPostprocessing = 0;
		};
/* End PBXSourcesBuildPhase section */

/* Begin PBXTargetDependency section */
		B3E2A12B1234567890ABCDEF /* PBXTargetDependency */ = {
			isa = PBXTargetDependency;
			target = B3E2A12C1234567890ABCDEF /* PocketFlowWidgets */;
			targetProxy = B3E2A12A1234567890ABCDEF /* PBXContainerItemProxy */;
		};
/* End PBXTargetDependency section */

/* Begin XCBuildConfiguration section */
		B3E2A1131234567890ABCDEF /* Debug */ = {
			isa = XCBuildConfiguration;
			buildSettings = {
				ALWAYS_SEARCH_USER_PATHS = NO;
				ASSETCATALOG_COMPILER_GENERATE_SWIFT_ASSET_SYMBOL_EXTENSIONS = YES;
				CLANG_ANALYZER_NONNULL = YES;
				CLANG_ANALYZER_NUMBER_OBJECT_CONVERSION = YES_AGGRESSIVE;
				CLANG_CXX_LANGUAGE_STANDARD = "gnu++20";
				CLANG_ENABLE_MODULES = YES;
				CLANG_ENABLE_OBJC_ARC = YES;
				CLANG_ENABLE_OBJC_WEAK = YES;
				CLANG_WARN_BLOCK_CAPTURE_AUTORELEASING = YES;
				CLANG_WARN_BOOL_CONVERSION = YES;
				CLANG_WARN_COMMA = YES;
				CLANG_WARN_CONSTANT_CONVERSION = YES;
				CLANG_WARN_DEPRECATED_OBJC_IMPLEMENTATIONS = YES;
				CLANG_WARN_DIRECT_OBJC_ISA_USAGE = YES_ERROR;
				CLANG_WARN_DOCUMENTATION_COMMENTS = YES;
				CLANG_WARN_EMPTY_BODY = YES;
				CLANG_WARN_ENUM_CONVERSION = YES;
				CLANG_WARN_INFINITE_RECURSION = YES;
				CLANG_WARN_INT_CONVERSION = YES;
				CLANG_WARN_NON_LITERAL_NULL_CONVERSION = YES;
				CLANG_WARN_OBJC_IMPLICIT_RETAIN_SELF = YES;
				CLANG_WARN_OBJC_LITERAL_CONVERSION = YES;
				CLANG_WARN_OBJC_ROOT_CLASS = YES_ERROR;
				CLANG_WARN_QUOTED_INCLUDE_IN_FRAMEWORK_HEADER = YES;
				CLANG_WARN_RANGE_LOOP_ANALYSIS = YES;
				CLANG_WARN_STRICT_PROTOTYPES = YES;
				CLANG_WARN_SUSPICIOUS_MOVE = YES;
				CLANG_WARN_UNGUARDED_AVAILABILITY = YES_AGGRESSIVE;
				CLANG_WARN_UNREACHABLE_CODE = YES;
				CLANG_WARN__DUPLICATE_METHOD_MATCH = YES;
				COPY_PHASE_STRIP = NO;
				DEBUG_INFORMATION_FORMAT = dwarf;
				ENABLE_STRICT_OBJC_MSGSEND = YES;
				ENABLE_TESTABILITY = YES;
				ENABLE_USER_SCRIPT_SANDBOXING = YES;
				GCC_C_LANGUAGE_STANDARD = gnu17;
				GCC_DYNAMIC_NO_PIC = NO;
				GCC_NO_COMMON_BLOCKS = YES;
				GCC_OPTIMIZATION_LEVEL = 0;
				GCC_PREPROCESSOR_DEFINITIONS = (
					"DEBUG=1",
					"$(inherited)",
				);
				GCC_WARN_64_TO_32_BIT_CONVERSION = YES;
				GCC_WARN_ABOUT_RETURN_TYPE = YES_ERROR;
				GCC_WARN_UNDECLARED_SELECTOR = YES;
				GCC_WARN_UNINITIALIZED_AUTOS = YES_AGGRESSIVE;
				GCC_WARN_UNUSED_FUNCTION = YES;
				GCC_WARN_UNUSED_VARIABLE = YES;
				IPHONEOS_DEPLOYMENT_TARGET = 16.0;
				MTL_ENABLE_DEBUG_INFO = INCLUDE_SOURCE;
				MTL_FAST_MATH = YES;
				ONLY_ACTIVE_ARCH = YES;
				SDKROOT = iphoneos;
				SWIFT_ACTIVE_COMPILATION_CONDITIONS = "DEBUG $(inherited)";
				SWIFT_OPTIMIZATION_LEVEL = "-Onone";
			};
			name = Debug;
		};
		B3E2A1141234567890ABCDEF /* Release */ = {
			isa = XCBuildConfiguration;
			buildSettings = {
				ALWAYS_SEARCH_USER_PATHS = NO;
				ASSETCATALOG_COMPILER_GENERATE_SWIFT_ASSET_SYMBOL_EXTENSIONS = YES;
				CLANG_ANALYZER_NONNULL = YES;
				CLANG_ANALYZER_NUMBER_OBJECT_CONVERSION = YES_AGGRESSIVE;
				CLANG_CXX_LANGUAGE_STANDARD = "gnu++20";
				CLANG_ENABLE_MODULES = YES;
				CLANG_ENABLE_OBJC_ARC = YES;
				CLANG_ENABLE_OBJC_WEAK = YES;
				CLANG_WARN_BLOCK_CAPTURE_AUTORELEASING = YES;
				CLANG_WARN_BOOL_CONVERSION = YES;
				CLANG_WARN_COMMA = YES;
				CLANG_WARN_CONSTANT_CONVERSION = YES;
				CLANG_WARN_DEPRECATED_OBJC_IMPLEMENTATIONS = YES;
				CLANG_WARN_DIRECT_OBJC_ISA_USAGE = YES_ERROR;
				CLANG_WARN_DOCUMENTATION_COMMENTS = YES;
				CLANG_WARN_EMPTY_BODY = YES;
				CLANG_WARN_ENUM_CONVERSION = YES;
				CLANG_WARN_INFINITE_RECURSION = YES;
				CLANG_WARN_INT_CONVERSION = YES;
				CLANG_WARN_NON_LITERAL_NULL_CONVERSION = YES;
				CLANG_WARN_OBJC_IMPLICIT_RETAIN_SELF = YES;
				CLANG_WARN_OBJC_LITERAL_CONVERSION = YES;
				CLANG_WARN_OBJC_ROOT_CLASS = YES_ERROR;
				CLANG_WARN_QUOTED_INCLUDE_IN_FRAMEWORK_HEADER = YES;
				CLANG_WARN_RANGE_LOOP_ANALYSIS = YES;
				CLANG_WARN_STRICT_PROTOTYPES = YES;
				CLANG_WARN_SUSPICIOUS_MOVE = YES;
				CLANG_WARN_UNGUARDED_AVAILABILITY = YES_AGGRESSIVE;
				CLANG_WARN_UNREACHABLE_CODE = YES;
				CLANG_WARN__DUPLICATE_METHOD_MATCH = YES;
				COPY_PHASE_STRIP = NO;
				DEBUG_INFORMATION_FORMAT = "dwarf-with-dsym";
				ENABLE_NS_ASSERTIONS = NO;
				ENABLE_STRICT_OBJC_MSGSEND = YES;
				ENABLE_USER_SCRIPT_SANDBOXING = YES;
				GCC_C_LANGUAGE_STANDARD = gnu17;
				GCC_NO_COMMON_BLOCKS = YES;
				GCC_WARN_64_TO_32_BIT_CONVERSION = YES;
				GCC_WARN_ABOUT_RETURN_TYPE = YES_ERROR;
				GCC_WARN_UNDECLARED_SELECTOR = YES;
				GCC_WARN_UNINITIALIZED_AUTOS = YES_AGGRESSIVE;
				GCC_WARN_UNUSED_FUNCTION = YES;
				GCC_WARN_UNUSED_VARIABLE = YES;
				IPHONEOS_DEPLOYMENT_TARGET = 16.0;
				MTL_FAST_MATH = YES;
				SDKROOT = iphoneos;
				SWIFT_COMPILATION_MODE = wholemodule;
			};
			name = Release;
		};
		B3E2A1151234567890ABCDEF /* Debug */ = {
			isa = XCBuildConfiguration;
			buildSettings = {
				ASSETCATALOG_COMPILER_APPICON_NAME = AppIcon;
				ASSETCATALOG_COMPILER_GLOBAL_ACCENT_COLOR_NAME = AccentColor;
				CODE_SIGN_ENTITLEMENTS = iosApp/iosApp.entitlements;
				CODE_SIGN_STYLE = Automatic;
				CURRENT_PROJECT_VERSION = 1;
				DEVELOPMENT_ASSET_PATHS = "";
				DEVELOPMENT_TEAM = WPGR2YT685;
				ENABLE_PREVIEWS = YES;
				ENABLE_USER_SCRIPT_SANDBOXING = NO;
				FRAMEWORK_SEARCH_PATHS = (
					"$(inherited)",
					"$(SRCROOT)/../shared/build/xcode-frameworks/$(CONFIGURATION)/$(SDK_NAME)",
				);
				GENERATE_INFOPLIST_FILE = YES;
				INFOPLIST_KEY_CADisableMinimumFrameDurationOnPhone = YES;
				INFOPLIST_KEY_NSSupportsLiveActivities = YES;
				INFOPLIST_KEY_NSSupportsLiveActivitiesFrequentUpdates = YES;
				INFOPLIST_KEY_UIApplicationSceneManifest_Generation = YES;
				INFOPLIST_KEY_UIApplicationSupportsIndirectInputEvents = YES;
				INFOPLIST_KEY_UILaunchScreen_Generation = YES;
				INFOPLIST_KEY_UISupportedInterfaceOrientations_iPad = "UIInterfaceOrientationLandscapeLeft UIInterfaceOrientationLandscapeRight UIInterfaceOrientationPortrait UIInterfaceOrientationPortraitUpsideDown";
				INFOPLIST_KEY_UISupportedInterfaceOrientations_iPhone = "UIInterfaceOrientationLandscapeLeft UIInterfaceOrientationLandscapeRight UIInterfaceOrientationPortrait";
				LD_RUNPATH_SEARCH_PATHS = (
					"$(inherited)",
					"@executable_path/Frameworks",
				);
				MARKETING_VERSION = 1.0;
				PRODUCT_BUNDLE_IDENTIFIER = app.ak25.pocketflow;
				PRODUCT_NAME = "$(TARGET_NAME)";
				SWIFT_EMIT_LOC_STRINGS = YES;
				SWIFT_VERSION = 5.0;
				TARGETED_DEVICE_FAMILY = "1,2";
			};
			name = Debug;
		};
		B3E2A1161234567890ABCDEF /* Release */ = {
			isa = XCBuildConfiguration;
			buildSettings = {
				ASSETCATALOG_COMPILER_APPICON_NAME = AppIcon;
				ASSETCATALOG_COMPILER_GLOBAL_ACCENT_COLOR_NAME = AccentColor;
				CODE_SIGN_ENTITLEMENTS = iosApp/iosApp.entitlements;
				CODE_SIGN_STYLE = Automatic;
				CURRENT_PROJECT_VERSION = 1;
				DEVELOPMENT_ASSET_PATHS = "";
				ENABLE_PREVIEWS = YES;
				ENABLE_USER_SCRIPT_SANDBOXING = NO;
				FRAMEWORK_SEARCH_PATHS = (
					"$(inherited)",
					"$(SRCROOT)/../shared/build/xcode-frameworks/$(CONFIGURATION)/$(SDK_NAME)",
				);
				GENERATE_INFOPLIST_FILE = YES;
				INFOPLIST_KEY_CADisableMinimumFrameDurationOnPhone = YES;
				INFOPLIST_KEY_NSSupportsLiveActivities = YES;
				INFOPLIST_KEY_NSSupportsLiveActivitiesFrequentUpdates = YES;
				INFOPLIST_KEY_UIApplicationSceneManifest_Generation = YES;
				INFOPLIST_KEY_UIApplicationSupportsIndirectInputEvents = YES;
				INFOPLIST_KEY_UILaunchScreen_Generation = YES;
				INFOPLIST_KEY_UISupportedInterfaceOrientations_iPad = "UIInterfaceOrientationLandscapeLeft UIInterfaceOrientationLandscapeRight UIInterfaceOrientationPortrait UIInterfaceOrientationPortraitUpsideDown";
				INFOPLIST_KEY_UISupportedInterfaceOrientations_iPhone = "UIInterfaceOrientationLandscapeLeft UIInterfaceOrientationLandscapeRight UIInterfaceOrientationPortrait";
				LD_RUNPATH_SEARCH_PATHS = (
					"$(inherited)",
					"@executable_path/Frameworks",
				);
				MARKETING_VERSION = 1.0;
				PRODUCT_BUNDLE_IDENTIFIER = app.ak25.pocketflow;
				PRODUCT_NAME = "$(TARGET_NAME)";
				SWIFT_EMIT_LOC_STRINGS = YES;
				SWIFT_VERSION = 5.0;
				TARGETED_DEVICE_FAMILY = "1,2";
			};
			name = Release;
		};
		B3E2A1301234567890ABCDEF /* Debug */ = {
			isa = XCBuildConfiguration;
			buildSettings = {
				CODE_SIGN_STYLE = Automatic;
				CURRENT_PROJECT_VERSION = 1;
				DEVELOPMENT_TEAM = WPGR2YT685;
				GENERATE_INFOPLIST_FILE = YES;
				INFOPLIST_KEY_CFBundleDisplayName = PocketFlowWidgets;
				INFOPLIST_KEY_NSExtensionPointIdentifier = "com.apple.widgetkit-extension";
				INFOPLIST_KEY_NSSupportsLiveActivities = YES;
				INFOPLIST_KEY_NSSupportsLiveActivitiesFrequentUpdates = YES;
				LD_RUNPATH_SEARCH_PATHS = (
					"$(inherited)",
					"@executable_path/Frameworks",
					"@executable_path/../../Frameworks",
				);
				MARKETING_VERSION = 1.0;
				PRODUCT_BUNDLE_IDENTIFIER = app.ak25.pocketflow.PocketFlowWidgets;
				PRODUCT_NAME = "$(TARGET_NAME)";
				SKIP_INSTALL = YES;
				SWIFT_EMIT_LOC_STRINGS = YES;
				SWIFT_VERSION = 5.0;
				TARGETED_DEVICE_FAMILY = "1,2";
			};
			name = Debug;
		};
		B3E2A1311234567890ABCDEF /* Release */ = {
			isa = XCBuildConfiguration;
			buildSettings = {
				CODE_SIGN_STYLE = Automatic;
				CURRENT_PROJECT_VERSION = 1;
				DEVELOPMENT_TEAM = WPGR2YT685;
				GENERATE_INFOPLIST_FILE = YES;
				INFOPLIST_KEY_CFBundleDisplayName = PocketFlowWidgets;
				INFOPLIST_KEY_NSExtensionPointIdentifier = "com.apple.widgetkit-extension";
				INFOPLIST_KEY_NSSupportsLiveActivities = YES;
				INFOPLIST_KEY_NSSupportsLiveActivitiesFrequentUpdates = YES;
				LD_RUNPATH_SEARCH_PATHS = (
					"$(inherited)",
					"@executable_path/Frameworks",
					"@executable_path/../../Frameworks",
				);
				MARKETING_VERSION = 1.0;
				PRODUCT_BUNDLE_IDENTIFIER = app.ak25.pocketflow.PocketFlowWidgets;
				PRODUCT_NAME = "$(TARGET_NAME)";
				SKIP_INSTALL = YES;
				SWIFT_EMIT_LOC_STRINGS = YES;
				SWIFT_VERSION = 5.0;
				TARGETED_DEVICE_FAMILY = "1,2";
			};
			name = Release;
		};
/* End XCBuildConfiguration section */

/* Begin XCConfigurationList section */
		B3E2A10F1234567890ABCDEF /* Build configuration list for PBXNativeTarget "iosApp" */ = {
			isa = XCConfigurationList;
			buildConfigurations = (
				B3E2A1151234567890ABCDEF /* Debug */,
				B3E2A1161234567890ABCDEF /* Release */,
			);
			defaultConfigurationIsVisible = 0;
			defaultConfigurationName = Release;
		};
		B3E2A1121234567890ABCDEF /* Build configuration list for PBXProject "iosApp" */ = {
			isa = XCConfigurationList;
			buildConfigurations = (
				B3E2A1131234567890ABCDEF /* Debug */,
				B3E2A1141234567890ABCDEF /* Release */,
			);
			defaultConfigurationIsVisible = 0;
			defaultConfigurationName = Release;
		};
		B3E2A12F1234567890ABCDEF /* Build configuration list for PBXNativeTarget "PocketFlowWidgets" */ = {
			isa = XCConfigurationList;
			buildConfigurations = (
				B3E2A1301234567890ABCDEF /* Debug */,
				B3E2A1311234567890ABCDEF /* Release */,
			);
			defaultConfigurationIsVisible = 0;
			defaultConfigurationName = Release;
		};
/* End XCConfigurationList section */
	};
	rootObject = B3E2A1111234567890ABCDEF /* Project object */;
}
