{
  "originHash" : "fe10aafbaf409842f476e8822e8d586ae13fa97ca251345350315549123c6d78",
  "pins" : [
    {
      "identity" : "onesignal-xcframework",
      "kind" : "remoteSourceControl",
      "location" : "https://github.com/OneSignal/OneSignal-XCFramework",
      "state" : {
        "revision" : "b4a4010657c7d79ca669159bbfcb5da60bb28c8d",
        "version" : "5.5.4"
      }
    }
  ],
  "version" : 3
}
